// !$*UTF8*$!
{
	archiveVersion = 1;
	classes = {
	};
	objectVersion = 55;
	objects = {

/* Begin PBXBuildFile section */
		AC30B29F29C4AB4600642E69 /* MainTabBarController.swift in Sources */ = {isa = PBXBuildFile; fileRef = AC30B29E29C4AB4400642E69 /* MainTabBarController.swift */; };
		AC5F1EE629C62131005FC3D0 /* OptionCell.swift in Sources */ = {isa = PBXBuildFile; fileRef = AC5F1EE529C62131005FC3D0 /* OptionCell.swift */; };
		AC5F1EEA29C64A3F005FC3D0 /* SignInViewController.swift in Sources */ = {isa = PBXBuildFile; fileRef = AC5F1EE929C64A3F005FC3D0 /* SignInViewController.swift */; };
		AC5F1EEC29C64E1F005FC3D0 /* CustomTextField.swift in Sources */ = {isa = PBXBuildFile; fileRef = AC5F1EEB29C64E1F005FC3D0 /* CustomTextField.swift */; };
		AC5F1EEE29C65FEC005FC3D0 /* LoginViewController.swift in Sources */ = {isa = PBXBuildFile; fileRef = AC5F1EED29C65FEB005FC3D0 /* LoginViewController.swift */; };
		AC5F1EF629C865B9005FC3D0 /* NotificationCenter +.swift in Sources */ = {isa = PBXBuildFile; fileRef = AC5F1EF529C865B8005FC3D0 /* NotificationCenter +.swift */; };
		AC5F1EF829C8DB36005FC3D0 /* UIViewController +.swift in Sources */ = {isa = PBXBuildFile; fileRef = AC5F1EF729C8DB35005FC3D0 /* UIViewController +.swift */; };
		AC5F1EFA29CB6D7B005FC3D0 /* Coordinator .swift in Sources */ = {isa = PBXBuildFile; fileRef = AC5F1EF929CB6D79005FC3D0 /* Coordinator .swift */; };
		AC5F1EFC29CB6E35005FC3D0 /* AppCoordinator.swift in Sources */ = {isa = PBXBuildFile; fileRef = AC5F1EFB29CB6E35005FC3D0 /* AppCoordinator.swift */; };
		AC5F1EFE29CB72DD005FC3D0 /* AuthCoordinator.swift in Sources */ = {isa = PBXBuildFile; fileRef = AC5F1EFD29CB72DC005FC3D0 /* AuthCoordinator.swift */; };
		AC5F1F0029CB752B005FC3D0 /* MainCoordinator.swift in Sources */ = {isa = PBXBuildFile; fileRef = AC5F1EFF29CB752B005FC3D0 /* MainCoordinator.swift */; };
		AC5F1F0229CB7B70005FC3D0 /* Validator.swift in Sources */ = {isa = PBXBuildFile; fileRef = AC5F1F0129CB7B70005FC3D0 /* Validator.swift */; };
		AC5F1F0429CB7C8C005FC3D0 /* AuthError.swift in Sources */ = {isa = PBXBuildFile; fileRef = AC5F1F0329CB7C8B005FC3D0 /* AuthError.swift */; };
		AC5F1F0729CB8677005FC3D0 /* LocalDataManager.swift in Sources */ = {isa = PBXBuildFile; fileRef = AC5F1F0629CB8677005FC3D0 /* LocalDataManager.swift */; };
		AC5F1F0929CB9DF0005FC3D0 /* AuthService.swift in Sources */ = {isa = PBXBuildFile; fileRef = AC5F1F0829CB9DF0005FC3D0 /* AuthService.swift */; };
		AC9CE92829C5051900D5A3FA /* LikeAndShareBlock.swift in Sources */ = {isa = PBXBuildFile; fileRef = AC9CE92729C5051900D5A3FA /* LikeAndShareBlock.swift */; };
		AC9CE92B29C5EB6400D5A3FA /* ProfileViewController.swift in Sources */ = {isa = PBXBuildFile; fileRef = AC9CE92A29C5EB6400D5A3FA /* ProfileViewController.swift */; };
		AC9CE92D29C5F26900D5A3FA /* ProfileViewModel.swift in Sources */ = {isa = PBXBuildFile; fileRef = AC9CE92C29C5F26900D5A3FA /* ProfileViewModel.swift */; };
		AC9CE92F29C5F56D00D5A3FA /* HeaderTableView.swift in Sources */ = {isa = PBXBuildFile; fileRef = AC9CE92E29C5F56D00D5A3FA /* HeaderTableView.swift */; };
		AC9CE93129C611B200D5A3FA /* User.swift in Sources */ = {isa = PBXBuildFile; fileRef = AC9CE93029C611B200D5A3FA /* User.swift */; };
		AC9CE93329C6128400D5A3FA /* CellViewModel.swift in Sources */ = {isa = PBXBuildFile; fileRef = AC9CE93229C6128400D5A3FA /* CellViewModel.swift */; };
		AC9DDE0429C1110A004667EC /* AppDelegate.swift in Sources */ = {isa = PBXBuildFile; fileRef = AC9DDE0329C1110A004667EC /* AppDelegate.swift */; };
		AC9DDE0629C1110A004667EC /* SceneDelegate.swift in Sources */ = {isa = PBXBuildFile; fileRef = AC9DDE0529C1110A004667EC /* SceneDelegate.swift */; };
		AC9DDE0D29C11112004667EC /* Assets.xcassets in Resources */ = {isa = PBXBuildFile; fileRef = AC9DDE0C29C11112004667EC /* Assets.xcassets */; };
		AC9DDE1029C11112004667EC /* LaunchScreen.storyboard in Resources */ = {isa = PBXBuildFile; fileRef = AC9DDE0E29C11112004667EC /* LaunchScreen.storyboard */; };
		AC9DDE1929C11151004667EC /* Page1ViewController.swift in Sources */ = {isa = PBXBuildFile; fileRef = AC9DDE1829C11151004667EC /* Page1ViewController.swift */; };
		AC9DDE1B29C11193004667EC /* CombineNetworkManager.swift in Sources */ = {isa = PBXBuildFile; fileRef = AC9DDE1A29C11193004667EC /* CombineNetworkManager.swift */; };
		AC9DDE1D29C11270004667EC /* Models.swift in Sources */ = {isa = PBXBuildFile; fileRef = AC9DDE1C29C11270004667EC /* Models.swift */; };
		AC9DDE1F29C11478004667EC /* Urls.swift in Sources */ = {isa = PBXBuildFile; fileRef = AC9DDE1E29C11478004667EC /* Urls.swift */; };
		AC9DDE2229C11560004667EC /* FetchingErrors.swift in Sources */ = {isa = PBXBuildFile; fileRef = AC9DDE2129C11560004667EC /* FetchingErrors.swift */; };
		AC9DDE2529C11729004667EC /* CategoryCell.swift in Sources */ = {isa = PBXBuildFile; fileRef = AC9DDE2429C11729004667EC /* CategoryCell.swift */; };
		AC9DDE2829C119D3004667EC /* Category.swift in Sources */ = {isa = PBXBuildFile; fileRef = AC9DDE2729C119D3004667EC /* Category.swift */; };
		AC9DDE2A29C11D28004667EC /* LatestCell.swift in Sources */ = {isa = PBXBuildFile; fileRef = AC9DDE2929C11D28004667EC /* LatestCell.swift */; };
		AC9DDE2C29C11F61004667EC /* UILabel +.swift in Sources */ = {isa = PBXBuildFile; fileRef = AC9DDE2B29C11F61004667EC /* UILabel +.swift */; };
		AC9DDE2E29C11F70004667EC /* UIButton +.swift in Sources */ = {isa = PBXBuildFile; fileRef = AC9DDE2D29C11F70004667EC /* UIButton +.swift */; };
		AC9DDE3129C12432004667EC /* WebImageView.swift in Sources */ = {isa = PBXBuildFile; fileRef = AC9DDE3029C12432004667EC /* WebImageView.swift */; };
		AC9DDE3329C126AB004667EC /* Formatter.swift in Sources */ = {isa = PBXBuildFile; fileRef = AC9DDE3229C126AB004667EC /* Formatter.swift */; };
		AC9DDE3529C129B8004667EC /* FlashSaleCell.swift in Sources */ = {isa = PBXBuildFile; fileRef = AC9DDE3429C129B8004667EC /* FlashSaleCell.swift */; };
		AC9DDE3929C1336E004667EC /* Page1Model.swift in Sources */ = {isa = PBXBuildFile; fileRef = AC9DDE3829C1336E004667EC /* Page1Model.swift */; };
		AC9DDE3B29C133E5004667EC /* Page1ViewModel.swift in Sources */ = {isa = PBXBuildFile; fileRef = AC9DDE3A29C133E5004667EC /* Page1ViewModel.swift */; };
		AC9DDE3D29C136AA004667EC /* Header.swift in Sources */ = {isa = PBXBuildFile; fileRef = AC9DDE3C29C136AA004667EC /* Header.swift */; };
		AC9DDE3F29C2386C004667EC /* CustomLabel.swift in Sources */ = {isa = PBXBuildFile; fileRef = AC9DDE3E29C2386B004667EC /* CustomLabel.swift */; };
		AC9DDE4129C24A29004667EC /* SearchFieldHeader.swift in Sources */ = {isa = PBXBuildFile; fileRef = AC9DDE4029C24A28004667EC /* SearchFieldHeader.swift */; };
		AC9DDE4329C24EC3004667EC /* SearchTextField.swift in Sources */ = {isa = PBXBuildFile; fileRef = AC9DDE4229C24EC3004667EC /* SearchTextField.swift */; };
		AC9DDE4529C25A44004667EC /* AvatarLocationView.swift in Sources */ = {isa = PBXBuildFile; fileRef = AC9DDE4429C25A44004667EC /* AvatarLocationView.swift */; };
		AC9DDE4A29C274F3004667EC /* Montserrat-Bold.ttf in Resources */ = {isa = PBXBuildFile; fileRef = AC9DDE4929C274F3004667EC /* Montserrat-Bold.ttf */; };
		AC9DDE4C29C27526004667EC /* Montserrat-Regular.ttf in Resources */ = {isa = PBXBuildFile; fileRef = AC9DDE4B29C27526004667EC /* Montserrat-Regular.ttf */; };
		AC9DDE4E29C27584004667EC /* Montserrat-Medium.ttf in Resources */ = {isa = PBXBuildFile; fileRef = AC9DDE4D29C27583004667EC /* Montserrat-Medium.ttf */; };
		AC9DDE5229C27B85004667EC /* UIFont +.swift in Sources */ = {isa = PBXBuildFile; fileRef = AC9DDE5129C27B85004667EC /* UIFont +.swift */; };
		ACB0D9E029C3546400814BFE /* Page2ViewController.swift in Sources */ = {isa = PBXBuildFile; fileRef = ACB0D9DF29C3546400814BFE /* Page2ViewController.swift */; };
		ACB0D9E229C3575100814BFE /* Page2ViewModel.swift in Sources */ = {isa = PBXBuildFile; fileRef = ACB0D9E129C3575100814BFE /* Page2ViewModel.swift */; };
		ACB0D9E429C3591B00814BFE /* Model.swift in Sources */ = {isa = PBXBuildFile; fileRef = ACB0D9E329C3591B00814BFE /* Model.swift */; };
		ACB0D9E629C364BD00814BFE /* ImageCell.swift in Sources */ = {isa = PBXBuildFile; fileRef = ACB0D9E529C364BD00814BFE /* ImageCell.swift */; };
		ACB0D9E829C3663F00814BFE /* DetailInfoCell.swift in Sources */ = {isa = PBXBuildFile; fileRef = ACB0D9E729C3663F00814BFE /* DetailInfoCell.swift */; };
		ACB0D9EB29C3869C00814BFE /* UIColor +.swift in Sources */ = {isa = PBXBuildFile; fileRef = ACB0D9EA29C3869B00814BFE /* UIColor +.swift */; };
		ACB0D9ED29C3A69F00814BFE /* ColorSegmentedControl.swift in Sources */ = {isa = PBXBuildFile; fileRef = ACB0D9EC29C3A69F00814BFE /* ColorSegmentedControl.swift */; };
		ACB0D9EF29C3B44700814BFE /* BottomView.swift in Sources */ = {isa = PBXBuildFile; fileRef = ACB0D9EE29C3B44700814BFE /* BottomView.swift */; };
		ACB0D9F129C3BF4D00814BFE /* UIView + .swift in Sources */ = {isa = PBXBuildFile; fileRef = ACB0D9F029C3BF4D00814BFE /* UIView + .swift */; };
/* End PBXBuildFile section */

/* Begin PBXFileReference section */
		AC30B29E29C4AB4400642E69 /* MainTabBarController.swift */ = {isa = PBXFileReference; lastKnownFileType = sourcecode.swift; path = MainTabBarController.swift; sourceTree = "<group>"; };
		AC5F1EE529C62131005FC3D0 /* OptionCell.swift */ = {isa = PBXFileReference; lastKnownFileType = sourcecode.swift; path = OptionCell.swift; sourceTree = "<group>"; };
		AC5F1EE929C64A3F005FC3D0 /* SignInViewController.swift */ = {isa = PBXFileReference; lastKnownFileType = sourcecode.swift; path = SignInViewController.swift; sourceTree = "<group>"; };
		AC5F1EEB29C64E1F005FC3D0 /* CustomTextField.swift */ = {isa = PBXFileReference; lastKnownFileType = sourcecode.swift; path = CustomTextField.swift; sourceTree = "<group>"; };
		AC5F1EED29C65FEB005FC3D0 /* LoginViewController.swift */ = {isa = PBXFileReference; lastKnownFileType = sourcecode.swift; path = LoginViewController.swift; sourceTree = "<group>"; };
		AC5F1EF529C865B8005FC3D0 /* NotificationCenter +.swift */ = {isa = PBXFileReference; lastKnownFileType = sourcecode.swift; path = "NotificationCenter +.swift"; sourceTree = "<group>"; };
		AC5F1EF729C8DB35005FC3D0 /* UIViewController +.swift */ = {isa = PBXFileReference; lastKnownFileType = sourcecode.swift; path = "UIViewController +.swift"; sourceTree = "<group>"; };
		AC5F1EF929CB6D79005FC3D0 /* Coordinator .swift */ = {isa = PBXFileReference; lastKnownFileType = sourcecode.swift; path = "Coordinator .swift"; sourceTree = "<group>"; };
		AC5F1EFB29CB6E35005FC3D0 /* AppCoordinator.swift */ = {isa = PBXFileReference; lastKnownFileType = sourcecode.swift; path = AppCoordinator.swift; sourceTree = "<group>"; };
		AC5F1EFD29CB72DC005FC3D0 /* AuthCoordinator.swift */ = {isa = PBXFileReference; lastKnownFileType = sourcecode.swift; path = AuthCoordinator.swift; sourceTree = "<group>"; };
		AC5F1EFF29CB752B005FC3D0 /* MainCoordinator.swift */ = {isa = PBXFileReference; lastKnownFileType = sourcecode.swift; path = MainCoordinator.swift; sourceTree = "<group>"; };
		AC5F1F0129CB7B70005FC3D0 /* Validator.swift */ = {isa = PBXFileReference; lastKnownFileType = sourcecode.swift; path = Validator.swift; sourceTree = "<group>"; };
		AC5F1F0329CB7C8B005FC3D0 /* AuthError.swift */ = {isa = PBXFileReference; lastKnownFileType = sourcecode.swift; path = AuthError.swift; sourceTree = "<group>"; };
		AC5F1F0629CB8677005FC3D0 /* LocalDataManager.swift */ = {isa = PBXFileReference; lastKnownFileType = sourcecode.swift; path = LocalDataManager.swift; sourceTree = "<group>"; };
		AC5F1F0829CB9DF0005FC3D0 /* AuthService.swift */ = {isa = PBXFileReference; lastKnownFileType = sourcecode.swift; path = AuthService.swift; sourceTree = "<group>"; };
		AC9CE92729C5051900D5A3FA /* LikeAndShareBlock.swift */ = {isa = PBXFileReference; lastKnownFileType = sourcecode.swift; path = LikeAndShareBlock.swift; sourceTree = "<group>"; };
		AC9CE92A29C5EB6400D5A3FA /* ProfileViewController.swift */ = {isa = PBXFileReference; lastKnownFileType = sourcecode.swift; path = ProfileViewController.swift; sourceTree = "<group>"; };
		AC9CE92C29C5F26900D5A3FA /* ProfileViewModel.swift */ = {isa = PBXFileReference; lastKnownFileType = sourcecode.swift; path = ProfileViewModel.swift; sourceTree = "<group>"; };
		AC9CE92E29C5F56D00D5A3FA /* HeaderTableView.swift */ = {isa = PBXFileReference; lastKnownFileType = sourcecode.swift; path = HeaderTableView.swift; sourceTree = "<group>"; };
		AC9CE93029C611B200D5A3FA /* User.swift */ = {isa = PBXFileReference; lastKnownFileType = sourcecode.swift; path = User.swift; sourceTree = "<group>"; };
		AC9CE93229C6128400D5A3FA /* CellViewModel.swift */ = {isa = PBXFileReference; lastKnownFileType = sourcecode.swift; path = CellViewModel.swift; sourceTree = "<group>"; };
		AC9DDE0029C1110A004667EC /* ArtemTestProject.app */ = {isa = PBXFileReference; explicitFileType = wrapper.application; includeInIndex = 0; path = ArtemTestProject.app; sourceTree = BUILT_PRODUCTS_DIR; };
		AC9DDE0329C1110A004667EC /* AppDelegate.swift */ = {isa = PBXFileReference; lastKnownFileType = sourcecode.swift; path = AppDelegate.swift; sourceTree = "<group>"; };
		AC9DDE0529C1110A004667EC /* SceneDelegate.swift */ = {isa = PBXFileReference; lastKnownFileType = sourcecode.swift; path = SceneDelegate.swift; sourceTree = "<group>"; };
		AC9DDE0C29C11112004667EC /* Assets.xcassets */ = {isa = PBXFileReference; lastKnownFileType = folder.assetcatalog; path = Assets.xcassets; sourceTree = "<group>"; };
		AC9DDE0F29C11112004667EC /* Base */ = {isa = PBXFileReference; lastKnownFileType = file.storyboard; name = Base; path = Base.lproj/LaunchScreen.storyboard; sourceTree = "<group>"; };
		AC9DDE1129C11112004667EC /* Info.plist */ = {isa = PBXFileReference; lastKnownFileType = text.plist.xml; path = Info.plist; sourceTree = "<group>"; };
		AC9DDE1829C11151004667EC /* Page1ViewController.swift */ = {isa = PBXFileReference; lastKnownFileType = sourcecode.swift; path = Page1ViewController.swift; sourceTree = "<group>"; };
		AC9DDE1A29C11193004667EC /* CombineNetworkManager.swift */ = {isa = PBXFileReference; lastKnownFileType = sourcecode.swift; path = CombineNetworkManager.swift; sourceTree = "<group>"; };
		AC9DDE1C29C11270004667EC /* Models.swift */ = {isa = PBXFileReference; lastKnownFileType = sourcecode.swift; path = Models.swift; sourceTree = "<group>"; };
		AC9DDE1E29C11478004667EC /* Urls.swift */ = {isa = PBXFileReference; lastKnownFileType = sourcecode.swift; path = Urls.swift; sourceTree = "<group>"; };
		AC9DDE2129C11560004667EC /* FetchingErrors.swift */ = {isa = PBXFileReference; lastKnownFileType = sourcecode.swift; path = FetchingErrors.swift; sourceTree = "<group>"; };
		AC9DDE2429C11729004667EC /* CategoryCell.swift */ = {isa = PBXFileReference; lastKnownFileType = sourcecode.swift; path = CategoryCell.swift; sourceTree = "<group>"; };
		AC9DDE2729C119D3004667EC /* Category.swift */ = {isa = PBXFileReference; lastKnownFileType = sourcecode.swift; path = Category.swift; sourceTree = "<group>"; };
		AC9DDE2929C11D28004667EC /* LatestCell.swift */ = {isa = PBXFileReference; lastKnownFileType = sourcecode.swift; path = LatestCell.swift; sourceTree = "<group>"; };
		AC9DDE2B29C11F61004667EC /* UILabel +.swift */ = {isa = PBXFileReference; lastKnownFileType = sourcecode.swift; path = "UILabel +.swift"; sourceTree = "<group>"; };
		AC9DDE2D29C11F70004667EC /* UIButton +.swift */ = {isa = PBXFileReference; lastKnownFileType = sourcecode.swift; path = "UIButton +.swift"; sourceTree = "<group>"; };
		AC9DDE3029C12432004667EC /* WebImageView.swift */ = {isa = PBXFileReference; lastKnownFileType = sourcecode.swift; path = WebImageView.swift; sourceTree = "<group>"; };
		AC9DDE3229C126AB004667EC /* Formatter.swift */ = {isa = PBXFileReference; lastKnownFileType = sourcecode.swift; path = Formatter.swift; sourceTree = "<group>"; };
		AC9DDE3429C129B8004667EC /* FlashSaleCell.swift */ = {isa = PBXFileReference; lastKnownFileType = sourcecode.swift; path = FlashSaleCell.swift; sourceTree = "<group>"; };
		AC9DDE3829C1336E004667EC /* Page1Model.swift */ = {isa = PBXFileReference; lastKnownFileType = sourcecode.swift; path = Page1Model.swift; sourceTree = "<group>"; };
		AC9DDE3A29C133E5004667EC /* Page1ViewModel.swift */ = {isa = PBXFileReference; lastKnownFileType = sourcecode.swift; path = Page1ViewModel.swift; sourceTree = "<group>"; };
		AC9DDE3C29C136AA004667EC /* Header.swift */ = {isa = PBXFileReference; lastKnownFileType = sourcecode.swift; path = Header.swift; sourceTree = "<group>"; };
		AC9DDE3E29C2386B004667EC /* CustomLabel.swift */ = {isa = PBXFileReference; lastKnownFileType = sourcecode.swift; path = CustomLabel.swift; sourceTree = "<group>"; };
		AC9DDE4029C24A28004667EC /* SearchFieldHeader.swift */ = {isa = PBXFileReference; lastKnownFileType = sourcecode.swift; path = SearchFieldHeader.swift; sourceTree = "<group>"; };
		AC9DDE4229C24EC3004667EC /* SearchTextField.swift */ = {isa = PBXFileReference; lastKnownFileType = sourcecode.swift; path = SearchTextField.swift; sourceTree = "<group>"; };
		AC9DDE4429C25A44004667EC /* AvatarLocationView.swift */ = {isa = PBXFileReference; lastKnownFileType = sourcecode.swift; path = AvatarLocationView.swift; sourceTree = "<group>"; };
		AC9DDE4929C274F3004667EC /* Montserrat-Bold.ttf */ = {isa = PBXFileReference; lastKnownFileType = file; path = "Montserrat-Bold.ttf"; sourceTree = "<group>"; };
		AC9DDE4B29C27526004667EC /* Montserrat-Regular.ttf */ = {isa = PBXFileReference; lastKnownFileType = file; path = "Montserrat-Regular.ttf"; sourceTree = "<group>"; };
		AC9DDE4D29C27583004667EC /* Montserrat-Medium.ttf */ = {isa = PBXFileReference; lastKnownFileType = file; path = "Montserrat-Medium.ttf"; sourceTree = "<group>"; };
		AC9DDE5129C27B85004667EC /* UIFont +.swift */ = {isa = PBXFileReference; lastKnownFileType = sourcecode.swift; path = "UIFont +.swift"; sourceTree = "<group>"; };
		ACB0D9DF29C3546400814BFE /* Page2ViewController.swift */ = {isa = PBXFileReference; lastKnownFileType = sourcecode.swift; path = Page2ViewController.swift; sourceTree = "<group>"; };
		ACB0D9E129C3575100814BFE /* Page2ViewModel.swift */ = {isa = PBXFileReference; lastKnownFileType = sourcecode.swift; path = Page2ViewModel.swift; sourceTree = "<group>"; };
		ACB0D9E329C3591B00814BFE /* Model.swift */ = {isa = PBXFileReference; lastKnownFileType = sourcecode.swift; path = Model.swift; sourceTree = "<group>"; };
		ACB0D9E529C364BD00814BFE /* ImageCell.swift */ = {isa = PBXFileReference; lastKnownFileType = sourcecode.swift; path = ImageCell.swift; sourceTree = "<group>"; };
		ACB0D9E729C3663F00814BFE /* DetailInfoCell.swift */ = {isa = PBXFileReference; lastKnownFileType = sourcecode.swift; path = DetailInfoCell.swift; sourceTree = "<group>"; };
		ACB0D9EA29C3869B00814BFE /* UIColor +.swift */ = {isa = PBXFileReference; lastKnownFileType = sourcecode.swift; path = "UIColor +.swift"; sourceTree = "<group>"; };
		ACB0D9EC29C3A69F00814BFE /* ColorSegmentedControl.swift */ = {isa = PBXFileReference; lastKnownFileType = sourcecode.swift; path = ColorSegmentedControl.swift; sourceTree = "<group>"; };
		ACB0D9EE29C3B44700814BFE /* BottomView.swift */ = {isa = PBXFileReference; lastKnownFileType = sourcecode.swift; path = BottomView.swift; sourceTree = "<group>"; };
		ACB0D9F029C3BF4D00814BFE /* UIView + .swift */ = {isa = PBXFileReference; lastKnownFileType = sourcecode.swift; path = "UIView + .swift"; sourceTree = "<group>"; };
/* End PBXFileReference section */

/* Begin PBXFrameworksBuildPhase section */
		AC9DDDFD29C1110A004667EC /* Frameworks */ = {
			isa = PBXFrameworksBuildPhase;
			buildActionMask = 2147483647;
			files = (
			);
			runOnlyForDeploymentPostprocessing = 0;
		};
/* End PBXFrameworksBuildPhase section */

/* Begin PBXGroup section */
		AC5F1EE729C62D64005FC3D0 /* Cells and Headers */ = {
			isa = PBXGroup;
			children = (
				AC9CE92E29C5F56D00D5A3FA /* HeaderTableView.swift */,
				AC5F1EE529C62131005FC3D0 /* OptionCell.swift */,
			);
			path = "Cells and Headers";
			sourceTree = "<group>";
		};
		AC5F1EE829C64A1B005FC3D0 /* SignIn & Login */ = {
			isa = PBXGroup;
			children = (
				AC5F1EE929C64A3F005FC3D0 /* SignInViewController.swift */,
				AC5F1EED29C65FEB005FC3D0 /* LoginViewController.swift */,
				AC5F1EEB29C64E1F005FC3D0 /* CustomTextField.swift */,
			);
			path = "SignIn & Login";
			sourceTree = "<group>";
		};
		AC5F1EF129C76844005FC3D0 /* Custom Views */ = {
			isa = PBXGroup;
			children = (
				AC9DDE4429C25A44004667EC /* AvatarLocationView.swift */,
				AC9DDE4229C24EC3004667EC /* SearchTextField.swift */,
			);
			path = "Custom Views";
			sourceTree = "<group>";
		};
		AC5F1EF229C768BB005FC3D0 /* Custom Views */ = {
			isa = PBXGroup;
			children = (
				ACB0D9EC29C3A69F00814BFE /* ColorSegmentedControl.swift */,
				ACB0D9EE29C3B44700814BFE /* BottomView.swift */,
				AC9CE92729C5051900D5A3FA /* LikeAndShareBlock.swift */,
			);
			path = "Custom Views";
			sourceTree = "<group>";
		};
		AC5F1F0529CB7E10005FC3D0 /* Helpers */ = {
			isa = PBXGroup;
			children = (
				AC5F1F0129CB7B70005FC3D0 /* Validator.swift */,
				AC5F1F0329CB7C8B005FC3D0 /* AuthError.swift */,
				AC9DDE2129C11560004667EC /* FetchingErrors.swift */,
				AC9DDE3029C12432004667EC /* WebImageView.swift */,
			);
			path = Helpers;
			sourceTree = "<group>";
		};
		AC5F1F0A29CBB6F2005FC3D0 /* Coordinators */ = {
			isa = PBXGroup;
			children = (
				AC5F1EF929CB6D79005FC3D0 /* Coordinator .swift */,
				AC5F1EFB29CB6E35005FC3D0 /* AppCoordinator.swift */,
				AC5F1EFD29CB72DC005FC3D0 /* AuthCoordinator.swift */,
				AC5F1EFF29CB752B005FC3D0 /* MainCoordinator.swift */,
			);
			path = Coordinators;
			sourceTree = "<group>";
		};
		AC9CE92929C5EB4300D5A3FA /* Profile */ = {
			isa = PBXGroup;
			children = (
				AC9CE92A29C5EB6400D5A3FA /* ProfileViewController.swift */,
				AC9CE92C29C5F26900D5A3FA /* ProfileViewModel.swift */,
				AC9CE93229C6128400D5A3FA /* CellViewModel.swift */,
				AC5F1EE729C62D64005FC3D0 /* Cells and Headers */,
			);
			path = Profile;
			sourceTree = "<group>";
		};
		AC9DDDF729C1110A004667EC = {
			isa = PBXGroup;
			children = (
				AC9DDE0229C1110A004667EC /* ArtemTestProject */,
				AC9DDE0129C1110A004667EC /* Products */,
			);
			sourceTree = "<group>";
		};
		AC9DDE0129C1110A004667EC /* Products */ = {
			isa = PBXGroup;
			children = (
				AC9DDE0029C1110A004667EC /* ArtemTestProject.app */,
			);
			name = Products;
			sourceTree = "<group>";
		};
		AC9DDE0229C1110A004667EC /* ArtemTestProject */ = {
			isa = PBXGroup;
			children = (
				AC9DDE0329C1110A004667EC /* AppDelegate.swift */,
				AC9DDE0529C1110A004667EC /* SceneDelegate.swift */,
				AC30B29E29C4AB4400642E69 /* MainTabBarController.swift */,
				AC9CE93029C611B200D5A3FA /* User.swift */,
				AC5F1F0A29CBB6F2005FC3D0 /* Coordinators */,
				AC5F1EE829C64A1B005FC3D0 /* SignIn & Login */,
				AC9CE92929C5EB4300D5A3FA /* Profile */,
				AC9DDE1729C11120004667EC /* Page1 */,
				ACB0D9DE29C353F800814BFE /* Page2 */,
				AC9DDE2029C11543004667EC /* Services */,
				AC5F1F0529CB7E10005FC3D0 /* Helpers */,
				AC9DDE2F29C11F76004667EC /* Extensions */,
				AC9DDE4829C274AC004667EC /* Fonts */,
				AC9DDE0C29C11112004667EC /* Assets.xcassets */,
				AC9DDE0E29C11112004667EC /* LaunchScreen.storyboard */,
				AC9DDE1129C11112004667EC /* Info.plist */,
			);
			path = ArtemTestProject;
			sourceTree = "<group>";
		};
		AC9DDE1729C11120004667EC /* Page1 */ = {
			isa = PBXGroup;
			children = (
				AC9DDE1829C11151004667EC /* Page1ViewController.swift */,
				AC9DDE3A29C133E5004667EC /* Page1ViewModel.swift */,
				AC9DDE2629C119B3004667EC /* Models */,
				AC9DDE2329C1171A004667EC /* Cells and Headers */,
				AC5F1EF129C76844005FC3D0 /* Custom Views */,
			);
			path = Page1;
			sourceTree = "<group>";
		};
		AC9DDE2029C11543004667EC /* Services */ = {
			isa = PBXGroup;
			children = (
				AC5F1F0829CB9DF0005FC3D0 /* AuthService.swift */,
				AC5F1F0629CB8677005FC3D0 /* LocalDataManager.swift */,
				AC9DDE1A29C11193004667EC /* CombineNetworkManager.swift */,
				AC9DDE1E29C11478004667EC /* Urls.swift */,
			);
			path = Services;
			sourceTree = "<group>";
		};
		AC9DDE2329C1171A004667EC /* Cells and Headers */ = {
			isa = PBXGroup;
			children = (
				AC9DDE4029C24A28004667EC /* SearchFieldHeader.swift */,
				AC9DDE2429C11729004667EC /* CategoryCell.swift */,
				AC9DDE2929C11D28004667EC /* LatestCell.swift */,
				AC9DDE3429C129B8004667EC /* FlashSaleCell.swift */,
				AC9DDE3C29C136AA004667EC /* Header.swift */,
			);
			path = "Cells and Headers";
			sourceTree = "<group>";
		};
		AC9DDE2629C119B3004667EC /* Models */ = {
			isa = PBXGroup;
			children = (
				AC9DDE3829C1336E004667EC /* Page1Model.swift */,
				AC9DDE1C29C11270004667EC /* Models.swift */,
				AC9DDE2729C119D3004667EC /* Category.swift */,
			);
			path = Models;
			sourceTree = "<group>";
		};
		AC9DDE2F29C11F76004667EC /* Extensions */ = {
			isa = PBXGroup;
			children = (
				AC9DDE2B29C11F61004667EC /* UILabel +.swift */,
				AC9DDE3E29C2386B004667EC /* CustomLabel.swift */,
				AC9DDE2D29C11F70004667EC /* UIButton +.swift */,
				AC9DDE3229C126AB004667EC /* Formatter.swift */,
				AC9DDE5129C27B85004667EC /* UIFont +.swift */,
				ACB0D9EA29C3869B00814BFE /* UIColor +.swift */,
				ACB0D9F029C3BF4D00814BFE /* UIView + .swift */,
				AC5F1EF529C865B8005FC3D0 /* NotificationCenter +.swift */,
				AC5F1EF729C8DB35005FC3D0 /* UIViewController +.swift */,
			);
			path = Extensions;
			sourceTree = "<group>";
		};
		AC9DDE4829C274AC004667EC /* Fonts */ = {
			isa = PBXGroup;
			children = (
				AC9DDE4B29C27526004667EC /* Montserrat-Regular.ttf */,
				AC9DDE4929C274F3004667EC /* Montserrat-Bold.ttf */,
				AC9DDE4D29C27583004667EC /* Montserrat-Medium.ttf */,
			);
			path = Fonts;
			sourceTree = "<group>";
		};
		ACB0D9DE29C353F800814BFE /* Page2 */ = {
			isa = PBXGroup;
			children = (
				ACB0D9DF29C3546400814BFE /* Page2ViewController.swift */,
				ACB0D9E129C3575100814BFE /* Page2ViewModel.swift */,
				ACB0D9E329C3591B00814BFE /* Model.swift */,
				ACB0D9E929C3792800814BFE /* Cells */,
				AC5F1EF229C768BB005FC3D0 /* Custom Views */,
			);
			path = Page2;
			sourceTree = "<group>";
		};
		ACB0D9E929C3792800814BFE /* Cells */ = {
			isa = PBXGroup;
			children = (
				ACB0D9E529C364BD00814BFE /* ImageCell.swift */,
				ACB0D9E729C3663F00814BFE /* DetailInfoCell.swift */,
			);
			path = Cells;
			sourceTree = "<group>";
		};
/* End PBXGroup section */

/* Begin PBXNativeTarget section */
		AC9DDDFF29C1110A004667EC /* ArtemTestProject */ = {
			isa = PBXNativeTarget;
			buildConfigurationList = AC9DDE1429C11112004667EC /* Build configuration list for PBXNativeTarget "ArtemTestProject" */;
			buildPhases = (
				AC9DDDFC29C1110A004667EC /* Sources */,
				AC9DDDFD29C1110A004667EC /* Frameworks */,
				AC9DDDFE29C1110A004667EC /* Resources */,
			);
			buildRules = (
			);
			dependencies = (
			);
			name = ArtemTestProject;
			productName = ArtemTestProject;
			productReference = AC9DDE0029C1110A004667EC /* ArtemTestProject.app */;
			productType = "com.apple.product-type.application";
		};
/* End PBXNativeTarget section */

/* Begin PBXProject section */
		AC9DDDF829C1110A004667EC /* Project object */ = {
			isa = PBXProject;
			attributes = {
				BuildIndependentTargetsInParallel = 1;
				LastSwiftUpdateCheck = 1320;
				LastUpgradeCheck = 1320;
				TargetAttributes = {
					AC9DDDFF29C1110A004667EC = {
						CreatedOnToolsVersion = 13.2.1;
					};
				};
			};
			buildConfigurationList = AC9DDDFB29C1110A004667EC /* Build configuration list for PBXProject "ArtemTestProject" */;
			compatibilityVersion = "Xcode 13.0";
			developmentRegion = en;
			hasScannedForEncodings = 0;
			knownRegions = (
				en,
				Base,
			);
			mainGroup = AC9DDDF729C1110A004667EC;
			productRefGroup = AC9DDE0129C1110A004667EC /* Products */;
			projectDirPath = "";
			projectRoot = "";
			targets = (
				AC9DDDFF29C1110A004667EC /* ArtemTestProject */,
			);
		};
/* End PBXProject section */

/* Begin PBXResourcesBuildPhase section */
		AC9DDDFE29C1110A004667EC /* Resources */ = {
			isa = PBXResourcesBuildPhase;
			buildActionMask = 2147483647;
			files = (
				AC9DDE4A29C274F3004667EC /* Montserrat-Bold.ttf in Resources */,
				AC9DDE1029C11112004667EC /* LaunchScreen.storyboard in Resources */,
				AC9DDE0D29C11112004667EC /* Assets.xcassets in Resources */,
				AC9DDE4C29C27526004667EC /* Montserrat-Regular.ttf in Resources */,
				AC9DDE4E29C27584004667EC /* Montserrat-Medium.ttf in Resources */,
			);
			runOnlyForDeploymentPostprocessing = 0;
		};
/* End PBXResourcesBuildPhase section */

/* Begin PBXSourcesBuildPhase section */
		AC9DDDFC29C1110A004667EC /* Sources */ = {
			isa = PBXSourcesBuildPhase;
			buildActionMask = 2147483647;
			files = (
				AC5F1EEA29C64A3F005FC3D0 /* SignInViewController.swift in Sources */,
				AC9DDE3D29C136AA004667EC /* Header.swift in Sources */,
				AC9DDE5229C27B85004667EC /* UIFont +.swift in Sources */,
				AC9DDE1B29C11193004667EC /* CombineNetworkManager.swift in Sources */,
				AC5F1F0229CB7B70005FC3D0 /* Validator.swift in Sources */,
				AC5F1EF629C865B9005FC3D0 /* NotificationCenter +.swift in Sources */,
				ACB0D9F129C3BF4D00814BFE /* UIView + .swift in Sources */,
				AC9DDE3529C129B8004667EC /* FlashSaleCell.swift in Sources */,
				AC9DDE2829C119D3004667EC /* Category.swift in Sources */,
				AC9DDE2A29C11D28004667EC /* LatestCell.swift in Sources */,
				AC9DDE3B29C133E5004667EC /* Page1ViewModel.swift in Sources */,
				AC9CE92829C5051900D5A3FA /* LikeAndShareBlock.swift in Sources */,
				AC9DDE3129C12432004667EC /* WebImageView.swift in Sources */,
				AC9DDE4329C24EC3004667EC /* SearchTextField.swift in Sources */,
				AC9DDE2529C11729004667EC /* CategoryCell.swift in Sources */,
				AC9DDE3F29C2386C004667EC /* CustomLabel.swift in Sources */,
				AC30B29F29C4AB4600642E69 /* MainTabBarController.swift in Sources */,
				AC5F1EFA29CB6D7B005FC3D0 /* Coordinator .swift in Sources */,
				AC9DDE1F29C11478004667EC /* Urls.swift in Sources */,
				AC9DDE1929C11151004667EC /* Page1ViewController.swift in Sources */,
				AC9CE93129C611B200D5A3FA /* User.swift in Sources */,
				ACB0D9EF29C3B44700814BFE /* BottomView.swift in Sources */,
				AC5F1F0729CB8677005FC3D0 /* LocalDataManager.swift in Sources */,
				AC9CE93329C6128400D5A3FA /* CellViewModel.swift in Sources */,
				AC9DDE4529C25A44004667EC /* AvatarLocationView.swift in Sources */,
				AC9DDE2229C11560004667EC /* FetchingErrors.swift in Sources */,
				AC5F1F0929CB9DF0005FC3D0 /* AuthService.swift in Sources */,
				ACB0D9EB29C3869C00814BFE /* UIColor +.swift in Sources */,
				AC5F1EEE29C65FEC005FC3D0 /* LoginViewController.swift in Sources */,
				ACB0D9E229C3575100814BFE /* Page2ViewModel.swift in Sources */,
				ACB0D9ED29C3A69F00814BFE /* ColorSegmentedControl.swift in Sources */,
				AC9DDE1D29C11270004667EC /* Models.swift in Sources */,
				AC5F1EFE29CB72DD005FC3D0 /* AuthCoordinator.swift in Sources */,
				AC9DDE2E29C11F70004667EC /* UIButton +.swift in Sources */,
				AC9DDE0429C1110A004667EC /* AppDelegate.swift in Sources */,
				AC9CE92B29C5EB6400D5A3FA /* ProfileViewController.swift in Sources */,
				AC5F1F0029CB752B005FC3D0 /* MainCoordinator.swift in Sources */,
				ACB0D9E829C3663F00814BFE /* DetailInfoCell.swift in Sources */,
				AC9DDE3329C126AB004667EC /* Formatter.swift in Sources */,
				ACB0D9E029C3546400814BFE /* Page2ViewController.swift in Sources */,
				AC9DDE0629C1110A004667EC /* SceneDelegate.swift in Sources */,
				AC5F1F0429CB7C8C005FC3D0 /* AuthError.swift in Sources */,
				ACB0D9E429C3591B00814BFE /* Model.swift in Sources */,
				AC9DDE4129C24A29004667EC /* SearchFieldHeader.swift in Sources */,
				AC5F1EE629C62131005FC3D0 /* OptionCell.swift in Sources */,
				AC5F1EF829C8DB36005FC3D0 /* UIViewController +.swift in Sources */,
				AC9DDE3929C1336E004667EC /* Page1Model.swift in Sources */,
				AC9CE92F29C5F56D00D5A3FA /* HeaderTableView.swift in Sources */,
				AC9CE92D29C5F26900D5A3FA /* ProfileViewModel.swift in Sources */,
				AC9DDE2C29C11F61004667EC /* UILabel +.swift in Sources */,
				ACB0D9E629C364BD00814BFE /* ImageCell.swift in Sources */,
				AC5F1EEC29C64E1F005FC3D0 /* CustomTextField.swift in Sources */,
				AC5F1EFC29CB6E35005FC3D0 /* AppCoordinator.swift in Sources */,
			);
			runOnlyForDeploymentPostprocessing = 0;
		};
/* End PBXSourcesBuildPhase section */

/* Begin PBXVariantGroup section */
		AC9DDE0E29C11112004667EC /* LaunchScreen.storyboard */ = {
			isa = PBXVariantGroup;
			children = (
				AC9DDE0F29C11112004667EC /* Base */,
			);
			name = LaunchScreen.storyboard;
			sourceTree = "<group>";
		};
/* End PBXVariantGroup section */

/* Begin XCBuildConfiguration section */
		AC9DDE1229C11112004667EC /* Debug */ = {
			isa = XCBuildConfiguration;
			buildSettings = {
				ALWAYS_SEARCH_USER_PATHS = NO;
				CLANG_ANALYZER_NONNULL = YES;
				CLANG_ANALYZER_NUMBER_OBJECT_CONVERSION = YES_AGGRESSIVE;
				CLANG_CXX_LANGUAGE_STANDARD = "gnu++17";
				CLANG_CXX_LIBRARY = "libc++";
				CLANG_ENABLE_MODULES = YES;
				CLANG_ENABLE_OBJC_ARC = YES;
				CLANG_ENABLE_OBJC_WEAK = YES;
				CLANG_WARN_BLOCK_CAPTURE_AUTORELEASING = YES;
				CLANG_WARN_BOOL_CONVERSION = YES;
				CLANG_WARN_COMMA = YES;
				CLANG_WARN_CONSTANT_CONVERSION = YES;
				CLANG_WARN_DEPRECATED_OBJC_IMPLEMENTATIONS = YES;
				CLANG_WARN_DIRECT_OBJC_ISA_USAGE = YES_ERROR;
				CLANG_WARN_DOCUMENTATION_COMMENTS = YES;
				CLANG_WARN_EMPTY_BODY = YES;
				CLANG_WARN_ENUM_CONVERSION = YES;
				CLANG_WARN_INFINITE_RECURSION = YES;
				CLANG_WARN_INT_CONVERSION = YES;
				CLANG_WARN_NON_LITERAL_NULL_CONVERSION = YES;
				CLANG_WARN_OBJC_IMPLICIT_RETAIN_SELF = YES;
				CLANG_WARN_OBJC_LITERAL_CONVERSION = YES;
				CLANG_WARN_OBJC_ROOT_CLASS = YES_ERROR;
				CLANG_WARN_QUOTED_INCLUDE_IN_FRAMEWORK_HEADER = YES;
				CLANG_WARN_RANGE_LOOP_ANALYSIS = YES;
				CLANG_WARN_STRICT_PROTOTYPES = YES;
				CLANG_WARN_SUSPICIOUS_MOVE = YES;
				CLANG_WARN_UNGUARDED_AVAILABILITY = YES_AGGRESSIVE;
				CLANG_WARN_UNREACHABLE_CODE = YES;
				CLANG_WARN__DUPLICATE_METHOD_MATCH = YES;
				COPY_PHASE_STRIP = NO;
				DEBUG_INFORMATION_FORMAT = dwarf;
				ENABLE_STRICT_OBJC_MSGSEND = YES;
				ENABLE_TESTABILITY = YES;
				GCC_C_LANGUAGE_STANDARD = gnu11;
				GCC_DYNAMIC_NO_PIC = NO;
				GCC_NO_COMMON_BLOCKS = YES;
				GCC_OPTIMIZATION_LEVEL = 0;
				GCC_PREPROCESSOR_DEFINITIONS = (
					"DEBUG=1",
					"$(inherited)",
				);
				GCC_WARN_64_TO_32_BIT_CONVERSION = YES;
				GCC_WARN_ABOUT_RETURN_TYPE = YES_ERROR;
				GCC_WARN_UNDECLARED_SELECTOR = YES;
				GCC_WARN_UNINITIALIZED_AUTOS = YES_AGGRESSIVE;
				GCC_WARN_UNUSED_FUNCTION = YES;
				GCC_WARN_UNUSED_VARIABLE = YES;
				IPHONEOS_DEPLOYMENT_TARGET = 15.2;
				MTL_ENABLE_DEBUG_INFO = INCLUDE_SOURCE;
				MTL_FAST_MATH = YES;
				ONLY_ACTIVE_ARCH = YES;
				SDKROOT = iphoneos;
				SWIFT_ACTIVE_COMPILATION_CONDITIONS = DEBUG;
				SWIFT_OPTIMIZATION_LEVEL = "-Onone";
			};
			name = Debug;
		};
		AC9DDE1329C11112004667EC /* Release */ = {
			isa = XCBuildConfiguration;
			buildSettings = {
				ALWAYS_SEARCH_USER_PATHS = NO;
				CLANG_ANALYZER_NONNULL = YES;
				CLANG_ANALYZER_NUMBER_OBJECT_CONVERSION = YES_AGGRESSIVE;
				CLANG_CXX_LANGUAGE_STANDARD = "gnu++17";
				CLANG_CXX_LIBRARY = "libc++";
				CLANG_ENABLE_MODULES = YES;
				CLANG_ENABLE_OBJC_ARC = YES;
				CLANG_ENABLE_OBJC_WEAK = YES;
				CLANG_WARN_BLOCK_CAPTURE_AUTORELEASING = YES;
				CLANG_WARN_BOOL_CONVERSION = YES;
				CLANG_WARN_COMMA = YES;
				CLANG_WARN_CONSTANT_CONVERSION = YES;
				CLANG_WARN_DEPRECATED_OBJC_IMPLEMENTATIONS = YES;
				CLANG_WARN_DIRECT_OBJC_ISA_USAGE = YES_ERROR;
				CLANG_WARN_DOCUMENTATION_COMMENTS = YES;
				CLANG_WARN_EMPTY_BODY = YES;
				CLANG_WARN_ENUM_CONVERSION = YES;
				CLANG_WARN_INFINITE_RECURSION = YES;
				CLANG_WARN_INT_CONVERSION = YES;
				CLANG_WARN_NON_LITERAL_NULL_CONVERSION = YES;
				CLANG_WARN_OBJC_IMPLICIT_RETAIN_SELF = YES;
				CLANG_WARN_OBJC_LITERAL_CONVERSION = YES;
				CLANG_WARN_OBJC_ROOT_CLASS = YES_ERROR;
				CLANG_WARN_QUOTED_INCLUDE_IN_FRAMEWORK_HEADER = YES;
				CLANG_WARN_RANGE_LOOP_ANALYSIS = YES;
				CLANG_WARN_STRICT_PROTOTYPES = YES;
				CLANG_WARN_SUSPICIOUS_MOVE = YES;
				CLANG_WARN_UNGUARDED_AVAILABILITY = YES_AGGRESSIVE;
				CLANG_WARN_UNREACHABLE_CODE = YES;
				CLANG_WARN__DUPLICATE_METHOD_MATCH = YES;
				COPY_PHASE_STRIP = NO;
				DEBUG_INFORMATION_FORMAT = "dwarf-with-dsym";
				ENABLE_NS_ASSERTIONS = NO;
				ENABLE_STRICT_OBJC_MSGSEND = YES;
				GCC_C_LANGUAGE_STANDARD = gnu11;
				GCC_NO_COMMON_BLOCKS = YES;
				GCC_WARN_64_TO_32_BIT_CONVERSION = YES;
				GCC_WARN_ABOUT_RETURN_TYPE = YES_ERROR;
				GCC_WARN_UNDECLARED_SELECTOR = YES;
				GCC_WARN_UNINITIALIZED_AUTOS = YES_AGGRESSIVE;
				GCC_WARN_UNUSED_FUNCTION = YES;
				GCC_WARN_UNUSED_VARIABLE = YES;
				IPHONEOS_DEPLOYMENT_TARGET = 15.2;
				MTL_ENABLE_DEBUG_INFO = NO;
				MTL_FAST_MATH = YES;
				SDKROOT = iphoneos;
				SWIFT_COMPILATION_MODE = wholemodule;
				SWIFT_OPTIMIZATION_LEVEL = "-O";
				VALIDATE_PRODUCT = YES;
			};
			name = Release;
		};
		AC9DDE1529C11112004667EC /* Debug */ = {
			isa = XCBuildConfiguration;
			buildSettings = {
				ASSETCATALOG_COMPILER_APPICON_NAME = AppIcon;
				ASSETCATALOG_COMPILER_GLOBAL_ACCENT_COLOR_NAME = AccentColor;
				CODE_SIGN_STYLE = Automatic;
				CURRENT_PROJECT_VERSION = 1;
				GENERATE_INFOPLIST_FILE = YES;
				INFOPLIST_FILE = ArtemTestProject/Info.plist;
				INFOPLIST_KEY_UIApplicationSupportsIndirectInputEvents = YES;
				INFOPLIST_KEY_UILaunchStoryboardName = LaunchScreen;
				INFOPLIST_KEY_UISupportedInterfaceOrientations_iPad = "UIInterfaceOrientationPortrait UIInterfaceOrientationPortraitUpsideDown UIInterfaceOrientationLandscapeLeft UIInterfaceOrientationLandscapeRight";
				INFOPLIST_KEY_UISupportedInterfaceOrientations_iPhone = "UIInterfaceOrientationPortrait UIInterfaceOrientationLandscapeLeft UIInterfaceOrientationLandscapeRight";
				LD_RUNPATH_SEARCH_PATHS = (
					"$(inherited)",
					"@executable_path/Frameworks",
				);
				MARKETING_VERSION = 1.0;
				PRODUCT_BUNDLE_IDENTIFIER = artem.artem.ArtemTestProject;
				PRODUCT_NAME = "$(TARGET_NAME)";
				SWIFT_EMIT_LOC_STRINGS = YES;
				SWIFT_VERSION = 5.0;
				TARGETED_DEVICE_FAMILY = "1,2";
			};
			name = Debug;
		};
		AC9DDE1629C11112004667EC /* Release */ = {
			isa = XCBuildConfiguration;
			buildSettings = {
				ASSETCATALOG_COMPILER_APPICON_NAME = AppIcon;
				ASSETCATALOG_COMPILER_GLOBAL_ACCENT_COLOR_NAME = AccentColor;
				CODE_SIGN_STYLE = Automatic;
				CURRENT_PROJECT_VERSION = 1;
				GENERATE_INFOPLIST_FILE = YES;
				INFOPLIST_FILE = ArtemTestProject/Info.plist;
				INFOPLIST_KEY_UIApplicationSupportsIndirectInputEvents = YES;
				INFOPLIST_KEY_UILaunchStoryboardName = LaunchScreen;
				INFOPLIST_KEY_UISupportedInterfaceOrientations_iPad = "UIInterfaceOrientationPortrait UIInterfaceOrientationPortraitUpsideDown UIInterfaceOrientationLandscapeLeft UIInterfaceOrientationLandscapeRight";
				INFOPLIST_KEY_UISupportedInterfaceOrientations_iPhone = "UIInterfaceOrientationPortrait UIInterfaceOrientationLandscapeLeft UIInterfaceOrientationLandscapeRight";
				LD_RUNPATH_SEARCH_PATHS = (
					"$(inherited)",
					"@executable_path/Frameworks",
				);
				MARKETING_VERSION = 1.0;
				PRODUCT_BUNDLE_IDENTIFIER = artem.artem.ArtemTestProject;
				PRODUCT_NAME = "$(TARGET_NAME)";
				SWIFT_EMIT_LOC_STRINGS = YES;
				SWIFT_VERSION = 5.0;
				TARGETED_DEVICE_FAMILY = "1,2";
			};
			name = Release;
		};
/* End XCBuildConfiguration section */

/* Begin XCConfigurationList section */
		AC9DDDFB29C1110A004667EC /* Build configuration list for PBXProject "ArtemTestProject" */ = {
			isa = XCConfigurationList;
			buildConfigurations = (
				AC9DDE1229C11112004667EC /* Debug */,
				AC9DDE1329C11112004667EC /* Release */,
			);
			defaultConfigurationIsVisible = 0;
			defaultConfigurationName = Release;
		};
		AC9DDE1429C11112004667EC /* Build configuration list for PBXNativeTarget "ArtemTestProject" */ = {
			isa = XCConfigurationList;
			buildConfigurations = (
				AC9DDE1529C11112004667EC /* Debug */,
				AC9DDE1629C11112004667EC /* Release */,
			);
			defaultConfigurationIsVisible = 0;
			defaultConfigurationName = Release;
		};
/* End XCConfigurationList section */
	};
	rootObject = AC9DDDF829C1110A004667EC /* Project object */;
}
